
Microsoft Visual Studio Solution File, Format Version 12.00
# Visual Studio Version 17
VisualStudioVersion = 17.14.36121.58 d17.14
MinimumVisualStudioVersion = 10.0.40219.1
Project("{FAE04EC0-301F-11D3-BF4B-00C04F79EFBC}") = "P2P VoiceChat Latest Trial", "P2P VoiceChat Latest Trial\P2P VoiceChat Latest Trial.csproj", "{AD5CC644-19D0-4DA9-BDE8-34A774B339F8}"
EndProject
Global
	GlobalSection(SolutionConfigurationPlatforms) = preSolution
		Debug|Any CPU = Debug|Any CPU
		Release|Any CPU = Release|Any CPU
	EndGlobalSection
	GlobalSection(ProjectConfigurationPlatforms) = postSolution
		{AD5CC644-19D0-4DA9-BDE8-34A774B339F8}.Debug|Any CPU.ActiveCfg = Debug|Any CPU
		{AD5CC644-19D0-4DA9-BDE8-34A774B339F8}.Debug|Any CPU.Build.0 = Debug|Any CPU
		{AD5CC644-19D0-4DA9-BDE8-34A774B339F8}.Release|Any CPU.ActiveCfg = Release|Any CPU
		{AD5CC644-19D0-4DA9-BDE8-34A774B339F8}.Release|Any CPU.Build.0 = Release|Any CPU
	EndGlobalSection
	GlobalSection(SolutionProperties) = preSolution
		HideSolutionNode = FALSE
	EndGlobalSection
	GlobalSection(ExtensibilityGlobals) = postSolution
		SolutionGuid = {6F9D7193-7EC2-4E38-8D5D-1C20749F3954}
	EndGlobalSection
EndGlobal
