
Microsoft Visual Studio Solution File, Format Version 12.00
# Visual Studio Version 17
VisualStudioVersion = 17.14.36121.58 d17.14
MinimumVisualStudioVersion = 10.0.40219.1
Project("{FAE04EC0-301F-11D3-BF4B-00C04F79EFBC}") = "abiding-chat", "abiding-chat\abiding-chat.csproj", "{3C31F41E-FF3C-43CB-B6EC-D58B4929DA1E}"
EndProject
Global
	GlobalSection(SolutionConfigurationPlatforms) = preSolution
		Debug|Any CPU = Debug|Any CPU
		Release|Any CPU = Release|Any CPU
	EndGlobalSection
	GlobalSection(ProjectConfigurationPlatforms) = postSolution
		{3C31F41E-FF3C-43CB-B6EC-D58B4929DA1E}.Debug|Any CPU.ActiveCfg = Debug|Any CPU
		{3C31F41E-FF3C-43CB-B6EC-D58B4929DA1E}.Debug|Any CPU.Build.0 = Debug|Any CPU
		{3C31F41E-FF3C-43CB-B6EC-D58B4929DA1E}.Release|Any CPU.ActiveCfg = Release|Any CPU
		{3C31F41E-FF3C-43CB-B6EC-D58B4929DA1E}.Release|Any CPU.Build.0 = Release|Any CPU
	EndGlobalSection
	GlobalSection(SolutionProperties) = preSolution
		HideSolutionNode = FALSE
	EndGlobalSection
	GlobalSection(ExtensibilityGlobals) = postSolution
		SolutionGuid = {A8DD3971-AA84-4592-9AD8-0888FABBA0CC}
	EndGlobalSection
EndGlobal
